
Microsoft Visual Studio Solution File, Format Version 9.00
# Visual Studio 2005
Project("{FAE04EC0-301F-11D3-BF4B-00C04F79EFBC}") = "JelloScrum.Model", "JelloScrum.Model.csproj", "{9C63CF64-5192-42E5-9881-13CE1CF08C0B}"
EndProject
Global
	GlobalSection(SolutionConfigurationPlatforms) = preSolution
		Debug|Any CPU = Debug|Any CPU
		Deploy|Any CPU = Deploy|Any CPU
		Release|Any CPU = Release|Any CPU
	EndGlobalSection
	GlobalSection(ProjectConfigurationPlatforms) = postSolution
		{9C63CF64-5192-42E5-9881-13CE1CF08C0B}.Debug|Any CPU.ActiveCfg = Debug|Any CPU
		{9C63CF64-5192-42E5-9881-13CE1CF08C0B}.Debug|Any CPU.Build.0 = Debug|Any CPU
		{9C63CF64-5192-42E5-9881-13CE1CF08C0B}.Deploy|Any CPU.ActiveCfg = Deploy|Any CPU
		{9C63CF64-5192-42E5-9881-13CE1CF08C0B}.Deploy|Any CPU.Build.0 = Deploy|Any CPU
		{9C63CF64-5192-42E5-9881-13CE1CF08C0B}.Release|Any CPU.ActiveCfg = Release|Any CPU
		{9C63CF64-5192-42E5-9881-13CE1CF08C0B}.Release|Any CPU.Build.0 = Release|Any CPU
	EndGlobalSection
	GlobalSection(SolutionProperties) = preSolution
		HideSolutionNode = FALSE
	EndGlobalSection
EndGlobal
